
Microsoft Visual Studio Solution File, Format Version 12.00
# Visual Studio Version 17
VisualStudioVersion = 17.1.32421.90
MinimumVisualStudioVersion = 10.0.40219.1
Project("{FAE04EC0-301F-11D3-BF4B-00C04F79EFBC}") = "MathLibrary", "MathLibrary\MathLibrary.csproj", "{2206A298-7E3B-4F41-9B49-D1BE1CDD71EA}"
EndProject
Project("{FAE04EC0-301F-11D3-BF4B-00C04F79EFBC}") = "TestMathLib", "TestMathLib\TestMathLib.csproj", "{6BDD6DA2-2885-4113-9462-93C5461D9F46}"
EndProject
Project("{FAE04EC0-301F-11D3-BF4B-00C04F79EFBC}") = "StringLib", "StringLib\StringLib.csproj", "{C3067019-4FEE-4852-994E-3FC59605898A}"
EndProject
Global
	GlobalSection(SolutionConfigurationPlatforms) = preSolution
		Debug|Any CPU = Debug|Any CPU
		Release|Any CPU = Release|Any CPU
	EndGlobalSection
	GlobalSection(ProjectConfigurationPlatforms) = postSolution
		{2206A298-7E3B-4F41-9B49-D1BE1CDD71EA}.Debug|Any CPU.ActiveCfg = Debug|Any CPU
		{2206A298-7E3B-4F41-9B49-D1BE1CDD71EA}.Debug|Any CPU.Build.0 = Debug|Any CPU
		{2206A298-7E3B-4F41-9B49-D1BE1CDD71EA}.Release|Any CPU.ActiveCfg = Release|Any CPU
		{2206A298-7E3B-4F41-9B49-D1BE1CDD71EA}.Release|Any CPU.Build.0 = Release|Any CPU
		{6BDD6DA2-2885-4113-9462-93C5461D9F46}.Debug|Any CPU.ActiveCfg = Debug|Any CPU
		{6BDD6DA2-2885-4113-9462-93C5461D9F46}.Debug|Any CPU.Build.0 = Debug|Any CPU
		{6BDD6DA2-2885-4113-9462-93C5461D9F46}.Release|Any CPU.ActiveCfg = Release|Any CPU
		{6BDD6DA2-2885-4113-9462-93C5461D9F46}.Release|Any CPU.Build.0 = Release|Any CPU
		{C3067019-4FEE-4852-994E-3FC59605898A}.Debug|Any CPU.ActiveCfg = Debug|Any CPU
		{C3067019-4FEE-4852-994E-3FC59605898A}.Debug|Any CPU.Build.0 = Debug|Any CPU
		{C3067019-4FEE-4852-994E-3FC59605898A}.Release|Any CPU.ActiveCfg = Release|Any CPU
		{C3067019-4FEE-4852-994E-3FC59605898A}.Release|Any CPU.Build.0 = Release|Any CPU
	EndGlobalSection
	GlobalSection(SolutionProperties) = preSolution
		HideSolutionNode = FALSE
	EndGlobalSection
	GlobalSection(ExtensibilityGlobals) = postSolution
		SolutionGuid = {3743FB7E-F122-4515-A2A8-3A9CFBB99764}
	EndGlobalSection
EndGlobal
